
Microsoft Visual Studio Solution File, Format Version 12.00
# Visual Studio Version 16
VisualStudioVersion = 16.0.31515.178
MinimumVisualStudioVersion = 10.0.40219.1
Project("{FAE04EC0-301F-11D3-BF4B-00C04F79EFBC}") = "FoCStackOverflowLab", "FoCStackOverflowLab\FoCStackOverflowLab.csproj", "{F31357C9-B2CA-4823-B663-3292BFEE4ABC}"
EndProject
Global
	GlobalSection(SolutionConfigurationPlatforms) = preSolution
		Debug|Any CPU = Debug|Any CPU
		Release|Any CPU = Release|Any CPU
	EndGlobalSection
	GlobalSection(ProjectConfigurationPlatforms) = postSolution
		{F31357C9-B2CA-4823-B663-3292BFEE4ABC}.Debug|Any CPU.ActiveCfg = Debug|Any CPU
		{F31357C9-B2CA-4823-B663-3292BFEE4ABC}.Debug|Any CPU.Build.0 = Debug|Any CPU
		{F31357C9-B2CA-4823-B663-3292BFEE4ABC}.Release|Any CPU.ActiveCfg = Release|Any CPU
		{F31357C9-B2CA-4823-B663-3292BFEE4ABC}.Release|Any CPU.Build.0 = Release|Any CPU
	EndGlobalSection
	GlobalSection(SolutionProperties) = preSolution
		HideSolutionNode = FALSE
	EndGlobalSection
	GlobalSection(ExtensibilityGlobals) = postSolution
		SolutionGuid = {233DC679-672A-49BC-ACF3-CC1CA3256C9F}
	EndGlobalSection
EndGlobal
